
Microsoft Visual Studio Solution File, Format Version 12.00
# Visual Studio 15
VisualStudioVersion = 15.0.26730.16
MinimumVisualStudioVersion = 10.0.40219.1
Project("{2150E333-8FDC-42A3-9474-1A3956D46DE8}") = "Ordering", "Ordering", "{B59E2864-FFF4-4DD2-AC26-EF869E2235CB}"
EndProject
Project("{2150E333-8FDC-42A3-9474-1A3956D46DE8}") = "1-Services", "1-Services", "{85502359-30D3-4FCE-BB68-6FD2A1A6DC6E}"
EndProject
Project("{2150E333-8FDC-42A3-9474-1A3956D46DE8}") = "2-Application", "2-Application", "{7DCF951A-6FC2-4652-8CC7-D526DE0FBE99}"
EndProject
Project("{2150E333-8FDC-42A3-9474-1A3956D46DE8}") = "3-Domain", "3-Domain", "{D4F2F4FA-F482-4BC1-B409-7A8201C0F749}"
EndProject
Project("{2150E333-8FDC-42A3-9474-1A3956D46DE8}") = "4-Infra", "4-Infra", "{AB54FBEA-2416-4437-B4B9-D5B66B0394E3}"
EndProject
Project("{2150E333-8FDC-42A3-9474-1A3956D46DE8}") = "Identity", "Identity", "{55C2C699-9980-4C9E-AC55-68078B19C38D}"
EndProject
Project("{9A19103F-16F7-4668-BE54-9A1E7A4F7556}") = "Ordering.Application", "src\Services\Ordering\Ordering.Application\Ordering.Application.csproj", "{A15D0562-CDB9-4B7B-845B-4492F46F0176}"
EndProject
Project("{9A19103F-16F7-4668-BE54-9A1E7A4F7556}") = "Ordering.Domain", "src\Services\Ordering\Ordering.Domain\Ordering.Domain.csproj", "{EA6FE5C0-1B41-4B6A-9E32-60E824CFB04F}"
EndProject
Project("{2150E333-8FDC-42A3-9474-1A3956D46DE8}") = "4.1-Data", "4.1-Data", "{9303CFDF-18B7-493C-9DF5-52C4B3EE9C95}"
EndProject
Project("{9A19103F-16F7-4668-BE54-9A1E7A4F7556}") = "Ordering.Repository", "src\Services\Ordering\Ordering.Repository\Ordering.Repository.csproj", "{F92CED2C-D86E-42F3-946A-73541D4E78A2}"
EndProject
Project("{FAE04EC0-301F-11D3-BF4B-00C04F79EFBC}") = "Ordering.Domain.Core", "src\Services\Ordering\Ordering.Domain.Core\Ordering.Domain.Core.csproj", "{859057FA-F0D7-4D20-B914-0225215BE3AA}"
EndProject
Global
	GlobalSection(SolutionConfigurationPlatforms) = preSolution
		Debug|Any CPU = Debug|Any CPU
		Release|Any CPU = Release|Any CPU
	EndGlobalSection
	GlobalSection(ProjectConfigurationPlatforms) = postSolution
		{A15D0562-CDB9-4B7B-845B-4492F46F0176}.Debug|Any CPU.ActiveCfg = Debug|Any CPU
		{A15D0562-CDB9-4B7B-845B-4492F46F0176}.Debug|Any CPU.Build.0 = Debug|Any CPU
		{A15D0562-CDB9-4B7B-845B-4492F46F0176}.Release|Any CPU.ActiveCfg = Release|Any CPU
		{A15D0562-CDB9-4B7B-845B-4492F46F0176}.Release|Any CPU.Build.0 = Release|Any CPU
		{EA6FE5C0-1B41-4B6A-9E32-60E824CFB04F}.Debug|Any CPU.ActiveCfg = Debug|Any CPU
		{EA6FE5C0-1B41-4B6A-9E32-60E824CFB04F}.Debug|Any CPU.Build.0 = Debug|Any CPU
		{EA6FE5C0-1B41-4B6A-9E32-60E824CFB04F}.Release|Any CPU.ActiveCfg = Release|Any CPU
		{EA6FE5C0-1B41-4B6A-9E32-60E824CFB04F}.Release|Any CPU.Build.0 = Release|Any CPU
		{F92CED2C-D86E-42F3-946A-73541D4E78A2}.Debug|Any CPU.ActiveCfg = Debug|Any CPU
		{F92CED2C-D86E-42F3-946A-73541D4E78A2}.Debug|Any CPU.Build.0 = Debug|Any CPU
		{F92CED2C-D86E-42F3-946A-73541D4E78A2}.Release|Any CPU.ActiveCfg = Release|Any CPU
		{F92CED2C-D86E-42F3-946A-73541D4E78A2}.Release|Any CPU.Build.0 = Release|Any CPU
		{859057FA-F0D7-4D20-B914-0225215BE3AA}.Debug|Any CPU.ActiveCfg = Debug|Any CPU
		{859057FA-F0D7-4D20-B914-0225215BE3AA}.Debug|Any CPU.Build.0 = Debug|Any CPU
		{859057FA-F0D7-4D20-B914-0225215BE3AA}.Release|Any CPU.ActiveCfg = Release|Any CPU
		{859057FA-F0D7-4D20-B914-0225215BE3AA}.Release|Any CPU.Build.0 = Release|Any CPU
	EndGlobalSection
	GlobalSection(SolutionProperties) = preSolution
		HideSolutionNode = FALSE
	EndGlobalSection
	GlobalSection(NestedProjects) = preSolution
		{85502359-30D3-4FCE-BB68-6FD2A1A6DC6E} = {B59E2864-FFF4-4DD2-AC26-EF869E2235CB}
		{7DCF951A-6FC2-4652-8CC7-D526DE0FBE99} = {B59E2864-FFF4-4DD2-AC26-EF869E2235CB}
		{D4F2F4FA-F482-4BC1-B409-7A8201C0F749} = {B59E2864-FFF4-4DD2-AC26-EF869E2235CB}
		{AB54FBEA-2416-4437-B4B9-D5B66B0394E3} = {B59E2864-FFF4-4DD2-AC26-EF869E2235CB}
		{A15D0562-CDB9-4B7B-845B-4492F46F0176} = {7DCF951A-6FC2-4652-8CC7-D526DE0FBE99}
		{EA6FE5C0-1B41-4B6A-9E32-60E824CFB04F} = {D4F2F4FA-F482-4BC1-B409-7A8201C0F749}
		{9303CFDF-18B7-493C-9DF5-52C4B3EE9C95} = {AB54FBEA-2416-4437-B4B9-D5B66B0394E3}
		{F92CED2C-D86E-42F3-946A-73541D4E78A2} = {9303CFDF-18B7-493C-9DF5-52C4B3EE9C95}
		{859057FA-F0D7-4D20-B914-0225215BE3AA} = {D4F2F4FA-F482-4BC1-B409-7A8201C0F749}
	EndGlobalSection
	GlobalSection(ExtensibilityGlobals) = postSolution
		SolutionGuid = {19AF2B17-8D6E-4289-9AB1-E8C512A9A0B1}
	EndGlobalSection
EndGlobal
